{
    "_readme": [
        "This file locks the dependencies of your project to a known state",
        "Read more about it at https://getcomposer.org/doc/01-basic-usage.md#composer-lock-the-lock-file",
        "This file is @generated automatically"
    ],
    "hash": "471074d28fd3ccd2f1dc754f48d86482",
    "content-hash": "9f4adab340e74284dad3ba1ce0fdd4df",
    "packages": [
        {
            "name": "cri2net/php-pdo-db",
            "version": "1.1.2",
            "source": {
                "type": "git",
                "url": "https://bitbucket.org/cri2net/php-pdo-db.git",
                "reference": "be67689290d51a50719c89e1947c6de79f2cefdb"
            },
            "dist": {
                "type": "zip",
                "url": "https://bitbucket.org/cri2net/php-pdo-db/get/be67689290d51a50719c89e1947c6de79f2cefdb.zip",
                "reference": "be67689290d51a50719c89e1947c6de79f2cefdb",
                "shasum": ""
            },
            "require": {
                "cri2net/php-singleton": "~1.0",
                "php": ">=5.4.0"
            },
            "type": "library",
            "autoload": {
                "psr-4": {
                    "cri2net\\php_pdo_db\\": "src"
                }
            },
            "notification-url": "https://packagist.org/downloads/",
            "license": [
                "proprietary"
            ],
            "authors": [
                {
                    "name": "Andrey Davidovich",
                    "email": "cri2net@gmail.com"
                }
            ],
            "description": "PHP Class to work with the database using PDO",
            "time": "2016-08-23 17:35:11"
        },
        {
            "name": "cri2net/php-singleton",
            "version": "1.0.0",
            "source": {
                "type": "git",
                "url": "https://bitbucket.org/cri2net/php-singleton.git",
                "reference": "a3e2618af8d44593e7da090e02bafd88c65f409a"
            },
            "dist": {
                "type": "zip",
                "url": "https://bitbucket.org/cri2net/php-singleton/get/a3e2618af8d44593e7da090e02bafd88c65f409a.zip",
                "reference": "a3e2618af8d44593e7da090e02bafd88c65f409a",
                "shasum": ""
            },
            "require": {
                "php": ">=5.4.0"
            },
            "type": "library",
            "autoload": {
                "psr-4": {
                    "cri2net\\php_singleton\\": "src"
                }
            },
            "notification-url": "https://packagist.org/downloads/",
            "license": [
                "proprietary"
            ],
            "authors": [
                {
                    "name": "Andrey Davidovich",
                    "email": "cri2net@gmail.com"
                }
            ],
            "description": "PHP Trait Singleton",
            "time": "2016-01-30 00:37:39"
        },
        {
            "name": "jbdemonte/barcode",
            "version": "2.1.0",
            "source": {
                "type": "git",
                "url": "https://github.com/lucabartoli/barcode.git",
                "reference": "dff97efe26c2593bde7dfd5a1929afead4c85201"
            },
            "dist": {
                "type": "zip",
                "url": "https://api.github.com/repos/lucabartoli/barcode/zipball/dff97efe26c2593bde7dfd5a1929afead4c85201",
                "reference": "dff97efe26c2593bde7dfd5a1929afead4c85201",
                "shasum": ""
            },
            "require": {
                "php": ">=5.3.0"
            },
            "type": "library",
            "autoload": {
                "psr-0": {
                    "JBDemonte": "src/"
                }
            },
            "notification-url": "https://packagist.org/downloads/",
            "license": [
                "GPL-3.0+"
            ],
            "authors": [
                {
                    "name": "Jean-Baptiste DEMONTE",
                    "email": "jbdemonte@gmail.com"
                },
                {
                    "name": "Jonathan HOUREZ"
                }
            ],
            "description": "BarCode Coder Library (BCC Library), GD and FPDF compatible",
            "homepage": "http://barcode-coder.com/en/",
            "keywords": [
                "barcode",
                "fpdf",
                "gd"
            ],
            "time": "2014-04-14 16:15:39"
        },
        {
            "name": "phpmailer/phpmailer",
            "version": "v5.2.16",
            "source": {
                "type": "git",
                "url": "https://github.com/PHPMailer/PHPMailer.git",
                "reference": "1d85f9ef3ecfc42bbc4f3c70d5e37ca9a65f629a"
            },
            "dist": {
                "type": "zip",
                "url": "https://api.github.com/repos/PHPMailer/PHPMailer/zipball/1d85f9ef3ecfc42bbc4f3c70d5e37ca9a65f629a",
                "reference": "1d85f9ef3ecfc42bbc4f3c70d5e37ca9a65f629a",
                "shasum": ""
            },
            "require": {
                "php": ">=5.0.0"
            },
            "require-dev": {
                "phpdocumentor/phpdocumentor": "*",
                "phpunit/phpunit": "4.7.*"
            },
            "suggest": {
                "league/oauth2-google": "Needed for Google XOAUTH2 authentication"
            },
            "type": "library",
            "autoload": {
                "classmap": [
                    "class.phpmailer.php",
                    "class.phpmaileroauth.php",
                    "class.phpmaileroauthgoogle.php",
                    "class.smtp.php",
                    "class.pop3.php",
                    "extras/EasyPeasyICS.php",
                    "extras/ntlm_sasl_client.php"
                ]
            },
            "notification-url": "https://packagist.org/downloads/",
            "license": [
                "LGPL-2.1"
            ],
            "authors": [
                {
                    "name": "Jim Jagielski",
                    "email": "jimjag@gmail.com"
                },
                {
                    "name": "Marcus Bointon",
                    "email": "phpmailer@synchromedia.co.uk"
                },
                {
                    "name": "Andy Prevost",
                    "email": "codeworxtech@users.sourceforge.net"
                },
                {
                    "name": "Brent R. Matzelle"
                }
            ],
            "description": "PHPMailer is a full-featured email creation and transfer class for PHP",
            "time": "2016-06-06 09:09:37"
        },
        {
            "name": "phpoffice/phpexcel",
            "version": "1.8.1",
            "source": {
                "type": "git",
                "url": "https://github.com/PHPOffice/PHPExcel.git",
                "reference": "372c7cbb695a6f6f1e62649381aeaa37e7e70b32"
            },
            "dist": {
                "type": "zip",
                "url": "https://api.github.com/repos/PHPOffice/PHPExcel/zipball/372c7cbb695a6f6f1e62649381aeaa37e7e70b32",
                "reference": "372c7cbb695a6f6f1e62649381aeaa37e7e70b32",
                "shasum": ""
            },
            "require": {
                "ext-xml": "*",
                "ext-xmlwriter": "*",
                "php": ">=5.2.0"
            },
            "type": "library",
            "autoload": {
                "psr-0": {
                    "PHPExcel": "Classes/"
                }
            },
            "notification-url": "https://packagist.org/downloads/",
            "license": [
                "LGPL"
            ],
            "authors": [
                {
                    "name": "Maarten Balliauw",
                    "homepage": "http://blog.maartenballiauw.be"
                },
                {
                    "name": "Mark Baker"
                },
                {
                    "name": "Franck Lefevre",
                    "homepage": "http://blog.rootslabs.net"
                },
                {
                    "name": "Erik Tilt"
                }
            ],
            "description": "PHPExcel - OpenXML - Read, Create and Write Spreadsheet documents in PHP - Spreadsheet engine",
            "homepage": "http://phpexcel.codeplex.com",
            "keywords": [
                "OpenXML",
                "excel",
                "php",
                "spreadsheet",
                "xls",
                "xlsx"
            ],
            "time": "2015-05-01 07:00:55"
        }
    ],
    "packages-dev": [],
    "aliases": [],
    "minimum-stability": "stable",
    "stability-flags": [],
    "prefer-stable": false,
    "prefer-lowest": false,
    "platform": {
        "php": ">=5.4.0"
    },
    "platform-dev": []
}
